
Microsoft Visual Studio Solution File, Format Version 12.00
# Visual Studio Version 16
VisualStudioVersion = 16.0.31410.357
MinimumVisualStudioVersion = 10.0.40219.1
Project("{9A19103F-16F7-4668-BE54-9A1E7A4F7556}") = "Core", "Core\Core.csproj", "{8FDBFB01-9DB6-4940-9325-C98B17689DC9}"
EndProject
Project("{9A19103F-16F7-4668-BE54-9A1E7A4F7556}") = "Entities", "Entities\Entities.csproj", "{909CB972-2F54-40C4-B0AA-E6258DBDA1EC}"
EndProject
Project("{9A19103F-16F7-4668-BE54-9A1E7A4F7556}") = "Business", "Business\Business.csproj", "{972643BB-2D1A-40A5-8ED7-36041EDFF86C}"
EndProject
Project("{FAE04EC0-301F-11D3-BF4B-00C04F79EFBC}") = "DataAccess", "DataAccess\DataAccess.csproj", "{D404CD00-569F-4F10-B77E-BD824ACEE688}"
EndProject
Project("{FAE04EC0-301F-11D3-BF4B-00C04F79EFBC}") = "WebApi", "WebApi\WebApi.csproj", "{79A18A49-E873-46AB-A67A-7707E15477E1}"
EndProject
Global
	GlobalSection(SolutionConfigurationPlatforms) = preSolution
		Debug|Any CPU = Debug|Any CPU
		Release|Any CPU = Release|Any CPU
	EndGlobalSection
	GlobalSection(ProjectConfigurationPlatforms) = postSolution
		{8FDBFB01-9DB6-4940-9325-C98B17689DC9}.Debug|Any CPU.ActiveCfg = Debug|Any CPU
		{8FDBFB01-9DB6-4940-9325-C98B17689DC9}.Debug|Any CPU.Build.0 = Debug|Any CPU
		{8FDBFB01-9DB6-4940-9325-C98B17689DC9}.Release|Any CPU.ActiveCfg = Release|Any CPU
		{8FDBFB01-9DB6-4940-9325-C98B17689DC9}.Release|Any CPU.Build.0 = Release|Any CPU
		{909CB972-2F54-40C4-B0AA-E6258DBDA1EC}.Debug|Any CPU.ActiveCfg = Debug|Any CPU
		{909CB972-2F54-40C4-B0AA-E6258DBDA1EC}.Debug|Any CPU.Build.0 = Debug|Any CPU
		{909CB972-2F54-40C4-B0AA-E6258DBDA1EC}.Release|Any CPU.ActiveCfg = Release|Any CPU
		{909CB972-2F54-40C4-B0AA-E6258DBDA1EC}.Release|Any CPU.Build.0 = Release|Any CPU
		{972643BB-2D1A-40A5-8ED7-36041EDFF86C}.Debug|Any CPU.ActiveCfg = Debug|Any CPU
		{972643BB-2D1A-40A5-8ED7-36041EDFF86C}.Debug|Any CPU.Build.0 = Debug|Any CPU
		{972643BB-2D1A-40A5-8ED7-36041EDFF86C}.Release|Any CPU.ActiveCfg = Release|Any CPU
		{972643BB-2D1A-40A5-8ED7-36041EDFF86C}.Release|Any CPU.Build.0 = Release|Any CPU
		{D404CD00-569F-4F10-B77E-BD824ACEE688}.Debug|Any CPU.ActiveCfg = Debug|Any CPU
		{D404CD00-569F-4F10-B77E-BD824ACEE688}.Debug|Any CPU.Build.0 = Debug|Any CPU
		{D404CD00-569F-4F10-B77E-BD824ACEE688}.Release|Any CPU.ActiveCfg = Release|Any CPU
		{D404CD00-569F-4F10-B77E-BD824ACEE688}.Release|Any CPU.Build.0 = Release|Any CPU
		{79A18A49-E873-46AB-A67A-7707E15477E1}.Debug|Any CPU.ActiveCfg = Debug|Any CPU
		{79A18A49-E873-46AB-A67A-7707E15477E1}.Debug|Any CPU.Build.0 = Debug|Any CPU
		{79A18A49-E873-46AB-A67A-7707E15477E1}.Release|Any CPU.ActiveCfg = Release|Any CPU
		{79A18A49-E873-46AB-A67A-7707E15477E1}.Release|Any CPU.Build.0 = Release|Any CPU
	EndGlobalSection
	GlobalSection(SolutionProperties) = preSolution
		HideSolutionNode = FALSE
	EndGlobalSection
	GlobalSection(ExtensibilityGlobals) = postSolution
		SolutionGuid = {FABDA876-4A02-45A4-A1B7-E2501C208C62}
	EndGlobalSection
EndGlobal
